
Microsoft Visual Studio Solution File, Format Version 12.00
# Visual Studio 14
VisualStudioVersion = 14.0.25420.1
MinimumVisualStudioVersion = 10.0.40219.1
Project("{FAE04EC0-301F-11D3-BF4B-00C04F79EFBC}") = "OpenCover2Generic.Console", "OpenCover2Generic\OpenCover2Generic.Console.csproj", "{FE9FD645-E270-4EEE-A030-C92688C84383}"
EndProject
Project("{FAE04EC0-301F-11D3-BF4B-00C04F79EFBC}") = "OpenCover2Generic.UnitTests", "OpenCover2Generic.UnitTests\OpenCover2Generic.UnitTests.csproj", "{EAF86DBD-968C-4B24-8EA6-BAD7785F5DFF}"
EndProject
Project("{FAE04EC0-301F-11D3-BF4B-00C04F79EFBC}") = "OpenCover2Generic.Converter", "OpenCover2Generic.Converter\OpenCover2Generic.Converter.csproj", "{7E5690A4-29A9-4DF9-A002-4E530C24BFD5}"
EndProject
Global
	GlobalSection(SolutionConfigurationPlatforms) = preSolution
		Debug|Any CPU = Debug|Any CPU
		Release|Any CPU = Release|Any CPU
	EndGlobalSection
	GlobalSection(ProjectConfigurationPlatforms) = postSolution
		{FE9FD645-E270-4EEE-A030-C92688C84383}.Debug|Any CPU.ActiveCfg = Debug|Any CPU
		{FE9FD645-E270-4EEE-A030-C92688C84383}.Debug|Any CPU.Build.0 = Debug|Any CPU
		{FE9FD645-E270-4EEE-A030-C92688C84383}.Release|Any CPU.ActiveCfg = Release|Any CPU
		{FE9FD645-E270-4EEE-A030-C92688C84383}.Release|Any CPU.Build.0 = Release|Any CPU
		{EAF86DBD-968C-4B24-8EA6-BAD7785F5DFF}.Debug|Any CPU.ActiveCfg = Debug|Any CPU
		{EAF86DBD-968C-4B24-8EA6-BAD7785F5DFF}.Debug|Any CPU.Build.0 = Debug|Any CPU
		{EAF86DBD-968C-4B24-8EA6-BAD7785F5DFF}.Release|Any CPU.ActiveCfg = Release|Any CPU
		{EAF86DBD-968C-4B24-8EA6-BAD7785F5DFF}.Release|Any CPU.Build.0 = Release|Any CPU
		{7E5690A4-29A9-4DF9-A002-4E530C24BFD5}.Debug|Any CPU.ActiveCfg = Debug|Any CPU
		{7E5690A4-29A9-4DF9-A002-4E530C24BFD5}.Debug|Any CPU.Build.0 = Debug|Any CPU
		{7E5690A4-29A9-4DF9-A002-4E530C24BFD5}.Release|Any CPU.ActiveCfg = Release|Any CPU
		{7E5690A4-29A9-4DF9-A002-4E530C24BFD5}.Release|Any CPU.Build.0 = Release|Any CPU
	EndGlobalSection
	GlobalSection(SolutionProperties) = preSolution
		HideSolutionNode = FALSE
	EndGlobalSection
EndGlobal
